Microsoft Visual Studio Solution File, Format Version 12.00
# Visual Studio Version 16
VisualStudioVersion = 16.0.0.0
MinimumVisualStudioVersion = 16.0.0.0
Project("{9A19103F-16F7-4668-BE54-9A1E7A4F7556}") = "QuickDish", "QuickDish\QuickDish.csproj", "{AD9BB326-2F1B-4D62-87B2-B75890A75215}"
EndProject
Project("{9A19103F-16F7-4668-BE54-9A1E7A4F7556}") = "QuickDish.Client", "QuickDish.Client\QuickDish.Client.csproj", "{7DBB396B-F7AC-4B97-B243-11B973ECEF1A}"
EndProject
Global
	GlobalSection(SolutionConfigurationPlatforms) = preSolution
		Debug|Any CPU = Debug|Any CPU
		Debug|x64 = Debug|x64
		Debug|x86 = Debug|x86
		Release|Any CPU = Release|Any CPU
		Release|x64 = Release|x64
		Release|x86 = Release|x86
	EndGlobalSection
	GlobalSection(ProjectConfigurationPlatforms) = postSolution
		{7DBB396B-F7AC-4B97-B243-11B973ECEF1A}.Debug|Any CPU.ActiveCfg = Debug|Any CPU
		{7DBB396B-F7AC-4B97-B243-11B973ECEF1A}.Debug|Any CPU.Build.0 = Debug|Any CPU
		{7DBB396B-F7AC-4B97-B243-11B973ECEF1A}.Debug|x64.ActiveCfg = Debug|Any CPU
		{7DBB396B-F7AC-4B97-B243-11B973ECEF1A}.Debug|x64.Build.0 = Debug|Any CPU
		{7DBB396B-F7AC-4B97-B243-11B973ECEF1A}.Debug|x86.ActiveCfg = Debug|Any CPU
		{7DBB396B-F7AC-4B97-B243-11B973ECEF1A}.Debug|x86.Build.0 = Debug|Any CPU
		{7DBB396B-F7AC-4B97-B243-11B973ECEF1A}.Release|Any CPU.ActiveCfg = Release|Any CPU
		{7DBB396B-F7AC-4B97-B243-11B973ECEF1A}.Release|Any CPU.Build.0 = Release|Any CPU
		{7DBB396B-F7AC-4B97-B243-11B973ECEF1A}.Release|x64.ActiveCfg = Release|Any CPU
		{7DBB396B-F7AC-4B97-B243-11B973ECEF1A}.Release|x64.Build.0 = Release|Any CPU
		{7DBB396B-F7AC-4B97-B243-11B973ECEF1A}.Release|x86.ActiveCfg = Release|Any CPU
		{7DBB396B-F7AC-4B97-B243-11B973ECEF1A}.Release|x86.Build.0 = Release|Any CPU
		{AD9BB326-2F1B-4D62-87B2-B75890A75215}.Debug|Any CPU.ActiveCfg = Debug|Any CPU
		{AD9BB326-2F1B-4D62-87B2-B75890A75215}.Debug|Any CPU.Build.0 = Debug|Any CPU
		{AD9BB326-2F1B-4D62-87B2-B75890A75215}.Debug|x64.ActiveCfg = Debug|Any CPU
		{AD9BB326-2F1B-4D62-87B2-B75890A75215}.Debug|x64.Build.0 = Debug|Any CPU
		{AD9BB326-2F1B-4D62-87B2-B75890A75215}.Debug|x86.ActiveCfg = Debug|Any CPU
		{AD9BB326-2F1B-4D62-87B2-B75890A75215}.Debug|x86.Build.0 = Debug|Any CPU
		{AD9BB326-2F1B-4D62-87B2-B75890A75215}.Release|Any CPU.ActiveCfg = Release|Any CPU
		{AD9BB326-2F1B-4D62-87B2-B75890A75215}.Release|Any CPU.Build.0 = Release|Any CPU
		{AD9BB326-2F1B-4D62-87B2-B75890A75215}.Release|x64.ActiveCfg = Release|Any CPU
		{AD9BB326-2F1B-4D62-87B2-B75890A75215}.Release|x64.Build.0 = Release|Any CPU
		{AD9BB326-2F1B-4D62-87B2-B75890A75215}.Release|x86.ActiveCfg = Release|Any CPU
		{AD9BB326-2F1B-4D62-87B2-B75890A75215}.Release|x86.Build.0 = Release|Any CPU
	EndGlobalSection
	GlobalSection(SolutionProperties) = preSolution
		HideSolutionNode = FALSE
	EndGlobalSection
	GlobalSection(ExtensibilityGlobals) = postSolution
		SolutionGuid = {1DA6EE4E-30AF-446E-A6B1-0367C6318E4B}
	EndGlobalSection
EndGlobal
